schema = "reprobuild.solved-graph-lock.v2"

[lock]
platform = "amd64-linux"
optimal = false
inputs_digest = "fnv1a64:cbf29ce484222325"
variants = []
packages = []
deps = [{ name = "codetracer-php-recorder", path = ".", coord_kind = "vcs", url = "https://github.com/metacraft-labs/codetracer-php-recorder", ref = "mb/agents-merge-dev", revision = "7cc866f6f413b02f7a8ce9eb8224444a2d8147df", integrity = "git-sha1:7cc866f6f413b02f7a8ce9eb8224444a2d8147df", version = "", visibility = "public", participation = "", depends = "codetracer-trace-format-nim", tags = "" }, { name = "codetracer-trace-format-nim", path = "../codetracer-trace-format-nim", coord_kind = "vcs", url = "https://github.com/metacraft-labs/codetracer-trace-format-nim", ref = "agents", revision = "9c4bcfff106f7c083974903ba5153be50be91a39", integrity = "git-sha1:9c4bcfff106f7c083974903ba5153be50be91a39", version = "", visibility = "public", participation = "", depends = "", tags = "" }]
